
Microsoft Visual Studio Solution File, Format Version 11.00
# Visual Studio 2010
Project("{FAE04EC0-301F-11D3-BF4B-00C04F79EFBC}") = "EntidadesCompartidas", "EntidadesCompartidas\EntidadesCompartidas.csproj", "{5BE3C19B-BB01-4440-ADC4-67FC207563DC}"
EndProject
Project("{E24C65DC-7377-472B-9ABA-BC803B73C61A}") = "SitioWeb", "SitioWeb\", "{99461D31-D1AE-4569-A59F-25067B3AE3D2}"
	ProjectSection(WebsiteProperties) = preProject
		TargetFrameworkMoniker = ".NETFramework,Version%3Dv4.0"
		ProjectReferences = "{5BE3C19B-BB01-4440-ADC4-67FC207563DC}|EntidadesCompartidas.dll;"
		Debug.AspNetCompiler.VirtualPath = "/SitioWeb"
		Debug.AspNetCompiler.PhysicalPath = "SitioWeb\"
		Debug.AspNetCompiler.TargetPath = "PrecompiledWeb\SitioWeb\"
		Debug.AspNetCompiler.Updateable = "true"
		Debug.AspNetCompiler.ForceOverwrite = "true"
		Debug.AspNetCompiler.FixedNames = "false"
		Debug.AspNetCompiler.Debug = "True"
		Release.AspNetCompiler.VirtualPath = "/SitioWeb"
		Release.AspNetCompiler.PhysicalPath = "SitioWeb\"
		Release.AspNetCompiler.TargetPath = "PrecompiledWeb\SitioWeb\"
		Release.AspNetCompiler.Updateable = "true"
		Release.AspNetCompiler.ForceOverwrite = "true"
		Release.AspNetCompiler.FixedNames = "false"
		Release.AspNetCompiler.Debug = "False"
		VWDPort = "49275"
		DefaultWebSiteLanguage = "Visual C#"
	EndProjectSection
EndProject
Global
	GlobalSection(SolutionConfigurationPlatforms) = preSolution
		Debug|Any CPU = Debug|Any CPU
		Release|Any CPU = Release|Any CPU
	EndGlobalSection
	GlobalSection(ProjectConfigurationPlatforms) = postSolution
		{5BE3C19B-BB01-4440-ADC4-67FC207563DC}.Debug|Any CPU.ActiveCfg = Debug|Any CPU
		{5BE3C19B-BB01-4440-ADC4-67FC207563DC}.Debug|Any CPU.Build.0 = Debug|Any CPU
		{5BE3C19B-BB01-4440-ADC4-67FC207563DC}.Release|Any CPU.ActiveCfg = Release|Any CPU
		{5BE3C19B-BB01-4440-ADC4-67FC207563DC}.Release|Any CPU.Build.0 = Release|Any CPU
		{99461D31-D1AE-4569-A59F-25067B3AE3D2}.Debug|Any CPU.ActiveCfg = Debug|Any CPU
		{99461D31-D1AE-4569-A59F-25067B3AE3D2}.Debug|Any CPU.Build.0 = Debug|Any CPU
		{99461D31-D1AE-4569-A59F-25067B3AE3D2}.Release|Any CPU.ActiveCfg = Debug|Any CPU
		{99461D31-D1AE-4569-A59F-25067B3AE3D2}.Release|Any CPU.Build.0 = Debug|Any CPU
	EndGlobalSection
	GlobalSection(SolutionProperties) = preSolution
		HideSolutionNode = FALSE
	EndGlobalSection
EndGlobal
